
Microsoft Visual Studio Solution File, Format Version 12.00
# Visual Studio Version 17
VisualStudioVersion = 17.4.33213.308
MinimumVisualStudioVersion = 10.0.40219.1
Project("{FAE04EC0-301F-11D3-BF4B-00C04F79EFBC}") = "PowerLEDOrderEditor", "PowerLEDOrderEditor\PowerLEDOrderEditor.csproj", "{FF51B97A-8953-4930-BAB4-B0274D5B4008}"
EndProject
Global
	GlobalSection(SolutionConfigurationPlatforms) = preSolution
		Debug|Any CPU = Debug|Any CPU
		Release|Any CPU = Release|Any CPU
	EndGlobalSection
	GlobalSection(ProjectConfigurationPlatforms) = postSolution
		{FF51B97A-8953-4930-BAB4-B0274D5B4008}.Debug|Any CPU.ActiveCfg = Debug|Any CPU
		{FF51B97A-8953-4930-BAB4-B0274D5B4008}.Debug|Any CPU.Build.0 = Debug|Any CPU
		{FF51B97A-8953-4930-BAB4-B0274D5B4008}.Release|Any CPU.ActiveCfg = Release|Any CPU
		{FF51B97A-8953-4930-BAB4-B0274D5B4008}.Release|Any CPU.Build.0 = Release|Any CPU
	EndGlobalSection
	GlobalSection(SolutionProperties) = preSolution
		HideSolutionNode = FALSE
	EndGlobalSection
	GlobalSection(ExtensibilityGlobals) = postSolution
		SolutionGuid = {32B9DF67-4925-42F0-BC70-C5A044899C48}
	EndGlobalSection
EndGlobal
